
Microsoft Visual Studio Solution File, Format Version 12.00
# Visual Studio Version 17
VisualStudioVersion = 17.2.32519.379
MinimumVisualStudioVersion = 10.0.40219.1
Project("{9A19103F-16F7-4668-BE54-9A1E7A4F7556}") = "PdfToJwwConverter", "PdfToJwwConverter\PdfToJwwConverter.csproj", "{794EB724-32FD-465C-A3FD-7E8EABCDF500}"
EndProject
Project("{9A19103F-16F7-4668-BE54-9A1E7A4F7556}") = "PdfToJww", "PdfToJww\PdfToJww.csproj", "{A6F3624A-90BA-4376-8BEF-773081D04837}"
EndProject
Global
	GlobalSection(SolutionConfigurationPlatforms) = preSolution
		Debug|Any CPU = Debug|Any CPU
		Release|Any CPU = Release|Any CPU
	EndGlobalSection
	GlobalSection(ProjectConfigurationPlatforms) = postSolution
		{794EB724-32FD-465C-A3FD-7E8EABCDF500}.Debug|Any CPU.ActiveCfg = Debug|Any CPU
		{794EB724-32FD-465C-A3FD-7E8EABCDF500}.Debug|Any CPU.Build.0 = Debug|Any CPU
		{794EB724-32FD-465C-A3FD-7E8EABCDF500}.Release|Any CPU.ActiveCfg = Release|Any CPU
		{794EB724-32FD-465C-A3FD-7E8EABCDF500}.Release|Any CPU.Build.0 = Release|Any CPU
		{A6F3624A-90BA-4376-8BEF-773081D04837}.Debug|Any CPU.ActiveCfg = Debug|Any CPU
		{A6F3624A-90BA-4376-8BEF-773081D04837}.Debug|Any CPU.Build.0 = Debug|Any CPU
		{A6F3624A-90BA-4376-8BEF-773081D04837}.Release|Any CPU.ActiveCfg = Release|Any CPU
		{A6F3624A-90BA-4376-8BEF-773081D04837}.Release|Any CPU.Build.0 = Release|Any CPU
	EndGlobalSection
	GlobalSection(SolutionProperties) = preSolution
		HideSolutionNode = FALSE
	EndGlobalSection
	GlobalSection(ExtensibilityGlobals) = postSolution
		SolutionGuid = {EAD3A770-BAA2-47B9-B5C4-9696C39653B9}
	EndGlobalSection
EndGlobal
